<?xml version="1.0" encoding="utf-8"?>
<Project ToolsVersion="4.0" xmlns="http://schemas.microsoft.com/developer/msbuild/2003">
  <ItemGroup>
    <ClInclude Include="fileIO.h">
      <Filter>EmGine\FileIO</Filter>
    </ClInclude>
    <ClInclude Include="ImageLoader.h">
      <Filter>EmGine\FileIO</Filter>
    </ClInclude>
    <ClInclude Include="Matrix.h">
      <Filter>EmGine\Data Types</Filter>
    </ClInclude>
    <ClInclude Include="ResourceManager.h">
      <Filter>EmGine\Resource Management</Filter>
    </ClInclude>
    <ClInclude Include="Sprite.h">
      <Filter>EmGine\Game Engine</Filter>
    </ClInclude>
    <ClInclude Include="GameEmGine.h">
      <Filter>EmGine\Game Engine</Filter>
    </ClInclude>
    <ClInclude Include="WindowCreator.h">
      <Filter>EmGine\Game Engine</Filter>
    </ClInclude>
    <ClInclude Include="Quat.h">
      <Filter>EmGine\Data Types</Filter>
    </ClInclude>
    <ClInclude Include="Model.h">
      <Filter>EmGine\Game Engine</Filter>
    </ClInclude>
    <ClInclude Include="Mesh.h">
      <Filter>EmGine\Game Engine</Filter>
    </ClInclude>
    <ClInclude Include="EmGineAudioPlayer.h">
      <Filter>EmGine\Audio</Filter>
    </ClInclude>
    <ClInclude Include="InputManager.h">
      <Filter>EmGine\Resource Management</Filter>
    </ClInclude>
    <ClInclude Include="Texture.h">
      <Filter>EmGine\Game Engine</Filter>
    </ClInclude>
    <ClInclude Include="Camera.h">
      <Filter>EmGine\Game Engine</Filter>
    </ClInclude>
    <ClInclude Include="Transformer.h">
      <Filter>EmGine\Game Engine</Filter>
    </ClInclude>
    <ClInclude Include="FrameBuffer.h">
      <Filter>EmGine\Game Engine</Filter>
    </ClInclude>
    <ClInclude Include="Shader.h">
      <Filter>EmGine\Shader Stuff</Filter>
    </ClInclude>
    <ClInclude Include="LightSource.h">
      <Filter>EmGine</Filter>
    </ClInclude>
    <ClInclude Include="Physics3D.h">
      <Filter>EmGine</Filter>
    </ClInclude>
    <ClInclude Include="ShaderCombiner.h">
      <Filter>EmGine</Filter>
    </ClInclude>
    <ClInclude Include="ExtraMath.h">
      <Filter>EmGine\Game Engine</Filter>
    </ClInclude>
    <ClInclude Include="Scene.h" />
    <ClInclude Include="Utilities.h">
      <Filter>EmGine\Data Types</Filter>
    </ClInclude>
    <ClInclude Include="Animation.h">
      <Filter>EmGine\Game Engine</Filter>
    </ClInclude>
    <ClInclude Include="Particles.h">
      <Filter>EmGine</Filter>
    </ClInclude>
    <ClInclude Include="XinputManager.h">
      <Filter>EmGine\Resource Management</Filter>
    </ClInclude>
  </ItemGroup>
  <ItemGroup>
    <ClCompile Include="fileIO.cpp">
      <Filter>EmGine\FileIO</Filter>
    </ClCompile>
    <ClCompile Include="ImageLoader.cpp">
      <Filter>EmGine\FileIO</Filter>
    </ClCompile>
    <ClCompile Include="Matrix.cpp">
      <Filter>EmGine\Data Types</Filter>
    </ClCompile>
    <ClCompile Include="ResourceManager.cpp">
      <Filter>EmGine\Resource Management</Filter>
    </ClCompile>
    <ClCompile Include="Sprite.cpp">
      <Filter>EmGine\Game Engine</Filter>
    </ClCompile>
    <ClCompile Include="GameEmGine.cpp">
      <Filter>EmGine\Game Engine</Filter>
    </ClCompile>
    <ClCompile Include="WindowCreator.cpp">
      <Filter>EmGine\Game Engine</Filter>
    </ClCompile>
    <ClCompile Include="Quat.cpp">
      <Filter>EmGine\Data Types</Filter>
    </ClCompile>
    <ClCompile Include="Model.cpp">
      <Filter>EmGine\Game Engine</Filter>
    </ClCompile>
    <ClCompile Include="Mesh.cpp">
      <Filter>EmGine\Game Engine</Filter>
    </ClCompile>
    <ClCompile Include="EmGineAudioPlayer.cpp">
      <Filter>EmGine\Audio</Filter>
    </ClCompile>
    <ClCompile Include="InputManager.cpp">
      <Filter>EmGine\Resource Management</Filter>
    </ClCompile>
    <ClCompile Include="Camera.cpp">
      <Filter>EmGine\Game Engine</Filter>
    </ClCompile>
    <ClCompile Include="Transformer.cpp">
      <Filter>EmGine\Game Engine</Filter>
    </ClCompile>
    <ClCompile Include="FrameBuffer.cpp">
      <Filter>EmGine\Game Engine</Filter>
    </ClCompile>
    <ClCompile Include="Shader.cpp">
      <Filter>EmGine\Shader Stuff</Filter>
    </ClCompile>
    <ClCompile Include="LightSource.cpp">
      <Filter>EmGine</Filter>
    </ClCompile>
    <ClCompile Include="Physics3D.cpp">
      <Filter>EmGine</Filter>
    </ClCompile>
    <ClCompile Include="ShaderCombiner.cpp">
      <Filter>EmGine</Filter>
    </ClCompile>
    <ClCompile Include="Animation.cpp">
      <Filter>EmGine\Game Engine</Filter>
    </ClCompile>
    <ClCompile Include="XinputManager.cpp">
      <Filter>EmGine\Resource Management</Filter>
    </ClCompile>
  </ItemGroup>
  <ItemGroup>
    <Filter Include="EmGine">
      <UniqueIdentifier>{e3d15f09-4f84-4b0e-90e3-93544f5ed174}</UniqueIdentifier>
    </Filter>
    <Filter Include="EmGine\Data Types">
      <UniqueIdentifier>{b1b8bd2d-c9ef-4312-be31-a4f627fc7025}</UniqueIdentifier>
    </Filter>
    <Filter Include="EmGine\FileIO">
      <UniqueIdentifier>{c6e045cb-8f5d-4965-b695-f33b33e3bbac}</UniqueIdentifier>
    </Filter>
    <Filter Include="EmGine\Game Engine">
      <UniqueIdentifier>{e37a305d-43c9-4ff3-9f29-417020fa4b78}</UniqueIdentifier>
    </Filter>
    <Filter Include="EmGine\Shader Stuff">
      <UniqueIdentifier>{bd22f3e9-7094-4193-8787-3ad8cdf2a642}</UniqueIdentifier>
    </Filter>
    <Filter Include="EmGine\Audio">
      <UniqueIdentifier>{455a346d-f6c6-4bf4-ab90-c96c06c4406b}</UniqueIdentifier>
    </Filter>
    <Filter Include="EmGine\Resource Management">
      <UniqueIdentifier>{9ede1b93-f3f0-450f-b7f3-8c78f40241af}</UniqueIdentifier>
    </Filter>
  </ItemGroup>
</Project>