<?xml version="1.0" encoding="utf-8"?>
<Project ToolsVersion="4.0" xmlns="http://schemas.microsoft.com/developer/msbuild/2003">
  <ItemGroup>
    <Filter Include="Main Game">
      <UniqueIdentifier>{a613458d-33ce-46ef-80b5-4ff1d69975cd}</UniqueIdentifier>
    </Filter>
    <Filter Include="Shaders">
      <UniqueIdentifier>{a1323e0e-194d-4e3f-8e04-449a9d289ef9}</UniqueIdentifier>
    </Filter>
    <Filter Include="Logs">
      <UniqueIdentifier>{baffc3e5-45fb-4afd-a53d-0d3844a665bf}</UniqueIdentifier>
    </Filter>
    <Filter Include="Characters">
      <UniqueIdentifier>{9a46be63-5f46-4a84-ace4-ff8ba4fc0184}</UniqueIdentifier>
    </Filter>
    <Filter Include="Scenes">
      <UniqueIdentifier>{1edef0dd-89e1-478e-8335-f3e92bc59db6}</UniqueIdentifier>
    </Filter>
    <Filter Include="Shaders\Particles">
      <UniqueIdentifier>{45cc2fc4-02df-4d92-8b7d-74414368a93c}</UniqueIdentifier>
    </Filter>
  </ItemGroup>
  <ItemGroup>
    <ClCompile Include="main.cpp">
      <Filter>Main Game</Filter>
    </ClCompile>
    <ClCompile Include="Boss.cpp">
      <Filter>Characters</Filter>
    </ClCompile>
    <ClCompile Include="Player.cpp">
      <Filter>Characters</Filter>
    </ClCompile>
    <ClCompile Include="Assault.cpp">
      <Filter>Characters</Filter>
    </ClCompile>
    <ClCompile Include="Medic.cpp">
      <Filter>Characters</Filter>
    </ClCompile>
    <ClCompile Include="Specialist.cpp">
      <Filter>Characters</Filter>
    </ClCompile>
    <ClCompile Include="Tank.cpp">
      <Filter>Characters</Filter>
    </ClCompile>
    <ClCompile Include="Minion.cpp">
      <Filter>Characters</Filter>
    </ClCompile>
    <ClCompile Include="Turret.cpp">
      <Filter>Characters</Filter>
    </ClCompile>
  </ItemGroup>
  <ItemGroup>
    <None Include="Logs\New Log">
      <Filter>Logs</Filter>
    </None>
    <None Include="Shaders\PassThrough.frag">
      <Filter>Shaders</Filter>
    </None>
    <None Include="Shaders\PassThrough.vert">
      <Filter>Shaders</Filter>
    </None>
    <None Include="Shaders\BoundingBox.fmsh">
      <Filter>Shaders</Filter>
    </None>
    <None Include="Shaders\BoundingBox.vtsh">
      <Filter>Shaders</Filter>
    </None>
    <None Include="Shaders\GrayscalePost.fmsh">
      <Filter>Shaders</Filter>
    </None>
    <None Include="Shaders\Main Buffer.fmsh">
      <Filter>Shaders</Filter>
    </None>
    <None Include="Shaders\Main Buffer.vtsh">
      <Filter>Shaders</Filter>
    </None>
    <None Include="Shaders\Particles\Particle.frag">
      <Filter>Shaders\Particles</Filter>
    </None>
    <None Include="Shaders\Particles\Particle.vert">
      <Filter>Shaders\Particles</Filter>
    </None>
  </ItemGroup>
  <ItemGroup>
    <Text Include="Logs\imageLoader.log">
      <Filter>Logs</Filter>
    </Text>
    <Text Include="Logs\ShaderLog.log">
      <Filter>Logs</Filter>
    </Text>
  </ItemGroup>
  <ItemGroup>
    <ClInclude Include="Boss.h">
      <Filter>Characters</Filter>
    </ClInclude>
    <ClInclude Include="Player.h">
      <Filter>Characters</Filter>
    </ClInclude>
    <ClInclude Include="Game.h">
      <Filter>Scenes</Filter>
    </ClInclude>
    <ClInclude Include="Intro.h">
      <Filter>Scenes</Filter>
    </ClInclude>
    <ClInclude Include="Menu.h">
      <Filter>Scenes</Filter>
    </ClInclude>
    <ClInclude Include="Splash.h">
      <Filter>Scenes</Filter>
    </ClInclude>
    <ClInclude Include="Assault.h">
      <Filter>Characters</Filter>
    </ClInclude>
    <ClInclude Include="Medic.h">
      <Filter>Characters</Filter>
    </ClInclude>
    <ClInclude Include="Specialist.h">
      <Filter>Characters</Filter>
    </ClInclude>
    <ClInclude Include="Tank.h">
      <Filter>Characters</Filter>
    </ClInclude>
    <ClInclude Include="Minion.h">
      <Filter>Characters</Filter>
    </ClInclude>
    <ClInclude Include="Turret.h">
      <Filter>Characters</Filter>
    </ClInclude>
    <ClInclude Include="PlayerSelect.h">
      <Filter>Scenes</Filter>
    </ClInclude>
    <ClInclude Include="Controls.h">
      <Filter>Scenes</Filter>
    </ClInclude>
  </ItemGroup>
</Project>